
Microsoft Visual Studio Solution File, Format Version 12.00
# Visual Studio 15
VisualStudioVersion = 15.0.28010.2019
MinimumVisualStudioVersion = 10.0.40219.1
Project("{FAE04EC0-301F-11D3-BF4B-00C04F79EFBC}") = "MorphyDotNet", "MorphyDotNet\MorphyDotNet.csproj", "{D331C5BE-0D9F-4E9B-8239-1EC458543A33}"
EndProject
Project("{FAE04EC0-301F-11D3-BF4B-00C04F79EFBC}") = "ConsoleApiTester", "ConsoleApiTester\ConsoleApiTester.csproj", "{5D436A45-AE7A-4AE1-83F4-B6F704FC9898}"
EndProject
Global
	GlobalSection(SolutionConfigurationPlatforms) = preSolution
		Debug|Any CPU = Debug|Any CPU
		Release|Any CPU = Release|Any CPU
	EndGlobalSection
	GlobalSection(ProjectConfigurationPlatforms) = postSolution
		{D331C5BE-0D9F-4E9B-8239-1EC458543A33}.Debug|Any CPU.ActiveCfg = Debug|Any CPU
		{D331C5BE-0D9F-4E9B-8239-1EC458543A33}.Debug|Any CPU.Build.0 = Debug|Any CPU
		{D331C5BE-0D9F-4E9B-8239-1EC458543A33}.Release|Any CPU.ActiveCfg = Release|Any CPU
		{D331C5BE-0D9F-4E9B-8239-1EC458543A33}.Release|Any CPU.Build.0 = Release|Any CPU
		{5D436A45-AE7A-4AE1-83F4-B6F704FC9898}.Debug|Any CPU.ActiveCfg = Debug|Any CPU
		{5D436A45-AE7A-4AE1-83F4-B6F704FC9898}.Debug|Any CPU.Build.0 = Debug|Any CPU
		{5D436A45-AE7A-4AE1-83F4-B6F704FC9898}.Release|Any CPU.ActiveCfg = Release|Any CPU
		{5D436A45-AE7A-4AE1-83F4-B6F704FC9898}.Release|Any CPU.Build.0 = Release|Any CPU
	EndGlobalSection
	GlobalSection(SolutionProperties) = preSolution
		HideSolutionNode = FALSE
	EndGlobalSection
	GlobalSection(ExtensibilityGlobals) = postSolution
		SolutionGuid = {DBB7A64D-BC24-499F-8CB1-DD6FADBA88EA}
	EndGlobalSection
EndGlobal
